github.com/CaliLuke/go-sse v0.11.1-0.20261008010800-b29b33ae1a1e h1:8ikgsAY/zoRUd/7kLCrBjEVTKxNc99TA647E+Jcke8k=
github.com/CaliLuke/go-sse v0.11.1-0.20261008010800-b29b33ae1a1e/go.mod h1:lXdhhI7K/QSTmuy5OiNyu32AQ/bUZ8aE8wj8taCn3QE=
github.com/CaliLuke/loom v1.10.0-alpha.4.0.20261008072015-bd83a10dfccc h1:rgA7MsK1tvNYXAtyogbJQMGFijfvSby9W7mypv2ow24=
github.com/CaliLuke/loom v1.10.0-alpha.4.0.20261008072015-bd83a10dfccc/go.mod h1:4aqbn926jXOybwLWzYX/wqk1Kryt84h+FypwOvonUMQ=
github.com/felixge/httpsnoop v1.1.0 h1:3YtUj32ZZkqZtt3sZZsClsymw/QDuVfpNhoA31zeORc=
github.com/felixge/httpsnoop v1.1.0/go.mod h1:Zqxgdd+1Rkcz8euOqdr7lqgCRJztwr5hp9vDSi5UZCE=
github.com/go-chi/chi/v5 v5.3.2 h1:5YQkICvTCSZ25hoRsyJazN0scjzKGiu4VAUc7H1o1nY=
github.com/go-chi/chi/v5 v5.3.2/go.mod h1:R+tYY2hNuVUUjxoPtqUdgBqevM9s9njzkTLutVsOCto=
github.com/go-playground/assert/v2 v2.2.0 h1:JvknZsQTYeFEAhQwI4qEt9cyV5ONwRHC+lYKSsYSR8s=
github.com/go-playground/assert/v2 v2.2.0/go.mod h1:VDjEfimB/XKnb+ZQfWdccd7VUvScMdVu0Titje2rxJ4=
github.com/go-playground/form/v4 v4.5.0 h1:dBgwpNXdqVp0OTWf3SOQ8xTwDjf3bKbOnkQnggVKqfw=
github.com/go-playground/form/v4 v4.5.0/go.mod h1:YbN7U9uNnXsOA1Ac050LOZ2AY6yScYl26mhrhoLpmlM=
github.com/gorilla/websocket v1.5.3 h1:saDtZ6Pbx/0u+bgYQ3q96pZgCzfhKXGPqt7kZ72aNNg=
github.com/gorilla/websocket v1.5.3/go.mod h1:YR8l580nyteQvAITg2hZ9XVh4b55+EU/adAjf1fMHhE=
github.com/stretchr/testify v1.12.1 h1:EuwCh5fleGS7H32xRwO3wRGT7DxrDhLAT6FF8MpWDWE=
github.com/stretchr/testify v1.12.1/go.mod h1:MDEgiDPPsNp5cuIrHPPCyornHKgEVbtFUmoNlxoYthg=
go.yaml.in/yaml/v3 v3.0.5 h1:N6y/pJk8buWs9NY5ERU2HSMfm+IuD/OtfdAnq6kESPw=
go.yaml.in/yaml/v3 v3.0.5/go.mod h1:HVTZu1O7/Vkt2N+BFy8Zza+lnLsABggaTM2ZpNIGuKg=
